// !$*UTF8*$!
{
	archiveVersion = 1;
	classes = {
	};
	objectVersion = 48;
	objects = {

/* Begin PBXBuildFile section */
		7FAE61791F8E30330063394D /* AppDelegate.m in Sources */ = {isa = PBXBuildFile; fileRef = 7FAE61781F8E30330063394D /* AppDelegate.m */; };
		7FAE617C1F8E30330063394D /* ViewController.m in Sources */ = {isa = PBXBuildFile; fileRef = 7FAE617B1F8E30330063394D /* ViewController.m */; };
		7FAE617F1F8E30330063394D /* Main.storyboard in Resources */ = {isa = PBXBuildFile; fileRef = 7FAE617D1F8E30330063394D /* Main.storyboard */; };
		7FAE61811F8E30330063394D /* Assets.xcassets in Resources */ = {isa = PBXBuildFile; fileRef = 7FAE61801F8E30330063394D /* Assets.xcassets */; };
		7FAE61841F8E30330063394D /* LaunchScreen.storyboard in Resources */ = {isa = PBXBuildFile; fileRef = 7FAE61821F8E30330063394D /* LaunchScreen.storyboard */; };
		7FAE61871F8E30330063394D /* main.m in Sources */ = {isa = PBXBuildFile; fileRef = 7FAE61861F8E30330063394D /* main.m */; };
		7FAE61911F8E30340063394D /* MDRatioTests.m in Sources */ = {isa = PBXBuildFile; fileRef = 7FAE61901F8E30340063394D /* MDRatioTests.m */; };
		7FAE619C1F8E30340063394D /* MDRatioUITests.m in Sources */ = {isa = PBXBuildFile; fileRef = 7FAE619B1F8E30340063394D /* MDRatioUITests.m */; };
		7FAE61BD1F8E364A0063394D /* BaseFooterView.m in Sources */ = {isa = PBXBuildFile; fileRef = 7FAE61B21F8E364A0063394D /* BaseFooterView.m */; };
		7FAE61BE1F8E364A0063394D /* NormalFooterView.m in Sources */ = {isa = PBXBuildFile; fileRef = 7FAE61B41F8E364A0063394D /* NormalFooterView.m */; };
		7FAE61BF1F8E364A0063394D /* NormalHeaderView.m in Sources */ = {isa = PBXBuildFile; fileRef = 7FAE61B71F8E364A0063394D /* NormalHeaderView.m */; };
		7FAE61C01F8E364A0063394D /* MJRefreshCollectionView.m in Sources */ = {isa = PBXBuildFile; fileRef = 7FAE61BA1F8E364A0063394D /* MJRefreshCollectionView.m */; };
		7FAE61C11F8E364A0063394D /* MJRefreshTableView.m in Sources */ = {isa = PBXBuildFile; fileRef = 7FAE61BC1F8E364A0063394D /* MJRefreshTableView.m */; };
		7FAE61C91F8F19370063394D /* Config.m in Sources */ = {isa = PBXBuildFile; fileRef = 7FAE61C81F8F19370063394D /* Config.m */; };
		7FD68F4A1F90BCFF0031A225 /* HttpHeadData.m in Sources */ = {isa = PBXBuildFile; fileRef = 7FD68F411F90BCFF0031A225 /* HttpHeadData.m */; };
		7FD68F4B1F90BCFF0031A225 /* MDNetWorkingManager.m in Sources */ = {isa = PBXBuildFile; fileRef = 7FD68F431F90BCFF0031A225 /* MDNetWorkingManager.m */; };
		7FD68F4C1F90BCFF0031A225 /* NetWorkRequest.m in Sources */ = {isa = PBXBuildFile; fileRef = 7FD68F451F90BCFF0031A225 /* NetWorkRequest.m */; };
		7FD68F4D1F90BCFF0031A225 /* NetWorkResponse.m in Sources */ = {isa = PBXBuildFile; fileRef = 7FD68F471F90BCFF0031A225 /* NetWorkResponse.m */; };
		7FD68F4E1F90BCFF0031A225 /* NetWorkTask.m in Sources */ = {isa = PBXBuildFile; fileRef = 7FD68F491F90BCFF0031A225 /* NetWorkTask.m */; };
		7FD68F551F90C4040031A225 /* BaseViewController.m in Sources */ = {isa = PBXBuildFile; fileRef = 7FD68F541F90C4040031A225 /* BaseViewController.m */; };
		7FD68F5B1F90C5510031A225 /* BaseNavigationController.m in Sources */ = {isa = PBXBuildFile; fileRef = 7FD68F5A1F90C5510031A225 /* BaseNavigationController.m */; };
		7FD68F861F95AB920031A225 /* Launch0.jpg in Resources */ = {isa = PBXBuildFile; fileRef = 7FD68F791F95AB910031A225 /* Launch0.jpg */; };
		7FD68F871F95AB920031A225 /* Launch1.jpg in Resources */ = {isa = PBXBuildFile; fileRef = 7FD68F7A1F95AB910031A225 /* Launch1.jpg */; };
		7FD68F881F95AB920031A225 /* Launch2.jpg in Resources */ = {isa = PBXBuildFile; fileRef = 7FD68F7B1F95AB910031A225 /* Launch2.jpg */; };
		7FD68F891F95AB920031A225 /* Launch3.jpg in Resources */ = {isa = PBXBuildFile; fileRef = 7FD68F7C1F95AB910031A225 /* Launch3.jpg */; };
		7FD68F8A1F95AB920031A225 /* LaunchConfig.plist in Resources */ = {isa = PBXBuildFile; fileRef = 7FD68F7D1F95AB910031A225 /* LaunchConfig.plist */; };
		7FD68F8B1F95AB920031A225 /* LaunchViewController.m in Sources */ = {isa = PBXBuildFile; fileRef = 7FD68F7F1F95AB910031A225 /* LaunchViewController.m */; };
		7FD68F8C1F95AB920031A225 /* BaseModel.m in Sources */ = {isa = PBXBuildFile; fileRef = 7FD68F821F95AB910031A225 /* BaseModel.m */; };
		7FD68F8D1F95AB920031A225 /* LaunchCollectionViewCell.m in Sources */ = {isa = PBXBuildFile; fileRef = 7FD68F851F95AB910031A225 /* LaunchCollectionViewCell.m */; };
		7FD68F931F95F44E0031A225 /* BaseTabBarController.m in Sources */ = {isa = PBXBuildFile; fileRef = 7FD68F921F95F44E0031A225 /* BaseTabBarController.m */; };
		7FF099301F9063630062C57D /* DataTurn.m in Sources */ = {isa = PBXBuildFile; fileRef = 7FF0992F1F9063620062C57D /* DataTurn.m */; };
		895B426E75EE4887D76CF2DB /* libPods-MDRatio.a in Frameworks */ = {isa = PBXBuildFile; fileRef = 2D45EBB2FD4624C87B2DABBD /* libPods-MDRatio.a */; };
/* End PBXBuildFile section */

/* Begin PBXContainerItemProxy section */
		7FAE618D1F8E30340063394D /* PBXContainerItemProxy */ = {
			isa = PBXContainerItemProxy;
			containerPortal = 7FAE616C1F8E30330063394D /* Project object */;
			proxyType = 1;
			remoteGlobalIDString = 7FAE61731F8E30330063394D;
			remoteInfo = MDRatio;
		};
		7FAE61981F8E30340063394D /* PBXContainerItemProxy */ = {
			isa = PBXContainerItemProxy;
			containerPortal = 7FAE616C1F8E30330063394D /* Project object */;
			proxyType = 1;
			remoteGlobalIDString = 7FAE61731F8E30330063394D;
			remoteInfo = MDRatio;
		};
/* End PBXContainerItemProxy section */

/* Begin PBXFileReference section */
		08A80BB32373782FDA072570 /* Pods-MDRatio.release.xcconfig */ = {isa = PBXFileReference; includeInIndex = 1; lastKnownFileType = text.xcconfig; name = "Pods-MDRatio.release.xcconfig"; path = "Pods/Target Support Files/Pods-MDRatio/Pods-MDRatio.release.xcconfig"; sourceTree = "<group>"; };
		2D45EBB2FD4624C87B2DABBD /* libPods-MDRatio.a */ = {isa = PBXFileReference; explicitFileType = archive.ar; includeInIndex = 0; path = "libPods-MDRatio.a"; sourceTree = BUILT_PRODUCTS_DIR; };
		7F0A6BC11F8F483700BE0B2B /* MDRadio_PrefixHeader.pch */ = {isa = PBXFileReference; lastKnownFileType = sourcecode.c.h; path = MDRadio_PrefixHeader.pch; sourceTree = "<group>"; };
		7F0A6BC21F8F4A9400BE0B2B /* MDRatio-Project-Debug.xcconfig */ = {isa = PBXFileReference; lastKnownFileType = text.xcconfig; path = "MDRatio-Project-Debug.xcconfig"; sourceTree = "<group>"; };
		7FAE61741F8E30330063394D /* MDRatio.app */ = {isa = PBXFileReference; explicitFileType = wrapper.application; includeInIndex = 0; path = MDRatio.app; sourceTree = BUILT_PRODUCTS_DIR; };
		7FAE61771F8E30330063394D /* AppDelegate.h */ = {isa = PBXFileReference; lastKnownFileType = sourcecode.c.h; path = AppDelegate.h; sourceTree = "<group>"; };
		7FAE61781F8E30330063394D /* AppDelegate.m */ = {isa = PBXFileReference; lastKnownFileType = sourcecode.c.objc; path = AppDelegate.m; sourceTree = "<group>"; };
		7FAE617A1F8E30330063394D /* ViewController.h */ = {isa = PBXFileReference; lastKnownFileType = sourcecode.c.h; path = ViewController.h; sourceTree = "<group>"; };
		7FAE617B1F8E30330063394D /* ViewController.m */ = {isa = PBXFileReference; lastKnownFileType = sourcecode.c.objc; path = ViewController.m; sourceTree = "<group>"; };
		7FAE617E1F8E30330063394D /* Base */ = {isa = PBXFileReference; lastKnownFileType = file.storyboard; name = Base; path = Base.lproj/Main.storyboard; sourceTree = "<group>"; };
		7FAE61801F8E30330063394D /* Assets.xcassets */ = {isa = PBXFileReference; lastKnownFileType = folder.assetcatalog; path = Assets.xcassets; sourceTree = "<group>"; };
		7FAE61831F8E30330063394D /* Base */ = {isa = PBXFileReference; lastKnownFileType = file.storyboard; name = Base; path = Base.lproj/LaunchScreen.storyboard; sourceTree = "<group>"; };
		7FAE61851F8E30330063394D /* Info.plist */ = {isa = PBXFileReference; lastKnownFileType = text.plist.xml; path = Info.plist; sourceTree = "<group>"; };
		7FAE61861F8E30330063394D /* main.m */ = {isa = PBXFileReference; lastKnownFileType = sourcecode.c.objc; path = main.m; sourceTree = "<group>"; };
		7FAE618C1F8E30340063394D /* MDRatioTests.xctest */ = {isa = PBXFileReference; explicitFileType = wrapper.cfbundle; includeInIndex = 0; path = MDRatioTests.xctest; sourceTree = BUILT_PRODUCTS_DIR; };
		7FAE61901F8E30340063394D /* MDRatioTests.m */ = {isa = PBXFileReference; lastKnownFileType = sourcecode.c.objc; path = MDRatioTests.m; sourceTree = "<group>"; };
		7FAE61921F8E30340063394D /* Info.plist */ = {isa = PBXFileReference; lastKnownFileType = text.plist.xml; path = Info.plist; sourceTree = "<group>"; };
		7FAE61971F8E30340063394D /* MDRatioUITests.xctest */ = {isa = PBXFileReference; explicitFileType = wrapper.cfbundle; includeInIndex = 0; path = MDRatioUITests.xctest; sourceTree = BUILT_PRODUCTS_DIR; };
		7FAE619B1F8E30340063394D /* MDRatioUITests.m */ = {isa = PBXFileReference; lastKnownFileType = sourcecode.c.objc; path = MDRatioUITests.m; sourceTree = "<group>"; };
		7FAE619D1F8E30340063394D /* Info.plist */ = {isa = PBXFileReference; lastKnownFileType = text.plist.xml; path = Info.plist; sourceTree = "<group>"; };
		7FAE61B11F8E364A0063394D /* BaseFooterView.h */ = {isa = PBXFileReference; fileEncoding = 4; lastKnownFileType = sourcecode.c.h; path = BaseFooterView.h; sourceTree = "<group>"; };
		7FAE61B21F8E364A0063394D /* BaseFooterView.m */ = {isa = PBXFileReference; fileEncoding = 4; lastKnownFileType = sourcecode.c.objc; path = BaseFooterView.m; sourceTree = "<group>"; };
		7FAE61B31F8E364A0063394D /* NormalFooterView.h */ = {isa = PBXFileReference; fileEncoding = 4; lastKnownFileType = sourcecode.c.h; path = NormalFooterView.h; sourceTree = "<group>"; };
		7FAE61B41F8E364A0063394D /* NormalFooterView.m */ = {isa = PBXFileReference; fileEncoding = 4; lastKnownFileType = sourcecode.c.objc; path = NormalFooterView.m; sourceTree = "<group>"; };
		7FAE61B61F8E364A0063394D /* NormalHeaderView.h */ = {isa = PBXFileReference; fileEncoding = 4; lastKnownFileType = sourcecode.c.h; path = NormalHeaderView.h; sourceTree = "<group>"; };
		7FAE61B71F8E364A0063394D /* NormalHeaderView.m */ = {isa = PBXFileReference; fileEncoding = 4; lastKnownFileType = sourcecode.c.objc; path = NormalHeaderView.m; sourceTree = "<group>"; };
		7FAE61B81F8E364A0063394D /* MJConstant.h */ = {isa = PBXFileReference; fileEncoding = 4; lastKnownFileType = sourcecode.c.h; path = MJConstant.h; sourceTree = "<group>"; };
		7FAE61B91F8E364A0063394D /* MJRefreshCollectionView.h */ = {isa = PBXFileReference; fileEncoding = 4; lastKnownFileType = sourcecode.c.h; path = MJRefreshCollectionView.h; sourceTree = "<group>"; };
		7FAE61BA1F8E364A0063394D /* MJRefreshCollectionView.m */ = {isa = PBXFileReference; fileEncoding = 4; lastKnownFileType = sourcecode.c.objc; path = MJRefreshCollectionView.m; sourceTree = "<group>"; };
		7FAE61BB1F8E364A0063394D /* MJRefreshTableView.h */ = {isa = PBXFileReference; fileEncoding = 4; lastKnownFileType = sourcecode.c.h; path = MJRefreshTableView.h; sourceTree = "<group>"; };
		7FAE61BC1F8E364A0063394D /* MJRefreshTableView.m */ = {isa = PBXFileReference; fileEncoding = 4; lastKnownFileType = sourcecode.c.objc; path = MJRefreshTableView.m; sourceTree = "<group>"; };
		7FAE61C71F8F19370063394D /* Config.h */ = {isa = PBXFileReference; lastKnownFileType = sourcecode.c.h; path = Config.h; sourceTree = "<group>"; };
		7FAE61C81F8F19370063394D /* Config.m */ = {isa = PBXFileReference; lastKnownFileType = sourcecode.c.objc; path = Config.m; sourceTree = "<group>"; };
		7FD68F401F90BCFF0031A225 /* HttpHeadData.h */ = {isa = PBXFileReference; fileEncoding = 4; lastKnownFileType = sourcecode.c.h; path = HttpHeadData.h; sourceTree = "<group>"; };
		7FD68F411F90BCFF0031A225 /* HttpHeadData.m */ = {isa = PBXFileReference; fileEncoding = 4; lastKnownFileType = sourcecode.c.objc; path = HttpHeadData.m; sourceTree = "<group>"; };
		7FD68F421F90BCFF0031A225 /* MDNetWorkingManager.h */ = {isa = PBXFileReference; fileEncoding = 4; lastKnownFileType = sourcecode.c.h; path = MDNetWorkingManager.h; sourceTree = "<group>"; };
		7FD68F431F90BCFF0031A225 /* MDNetWorkingManager.m */ = {isa = PBXFileReference; fileEncoding = 4; lastKnownFileType = sourcecode.c.objc; path = MDNetWorkingManager.m; sourceTree = "<group>"; };
		7FD68F441F90BCFF0031A225 /* NetWorkRequest.h */ = {isa = PBXFileReference; fileEncoding = 4; lastKnownFileType = sourcecode.c.h; path = NetWorkRequest.h; sourceTree = "<group>"; };
		7FD68F451F90BCFF0031A225 /* NetWorkRequest.m */ = {isa = PBXFileReference; fileEncoding = 4; lastKnownFileType = sourcecode.c.objc; path = NetWorkRequest.m; sourceTree = "<group>"; };
		7FD68F461F90BCFF0031A225 /* NetWorkResponse.h */ = {isa = PBXFileReference; fileEncoding = 4; lastKnownFileType = sourcecode.c.h; path = NetWorkResponse.h; sourceTree = "<group>"; };
		7FD68F471F90BCFF0031A225 /* NetWorkResponse.m */ = {isa = PBXFileReference; fileEncoding = 4; lastKnownFileType = sourcecode.c.objc; path = NetWorkResponse.m; sourceTree = "<group>"; };
		7FD68F481F90BCFF0031A225 /* NetWorkTask.h */ = {isa = PBXFileReference; fileEncoding = 4; lastKnownFileType = sourcecode.c.h; path = NetWorkTask.h; sourceTree = "<group>"; };
		7FD68F491F90BCFF0031A225 /* NetWorkTask.m */ = {isa = PBXFileReference; fileEncoding = 4; lastKnownFileType = sourcecode.c.objc; path = NetWorkTask.m; sourceTree = "<group>"; };
		7FD68F521F90BD570031A225 /* NetWorkDefine.h */ = {isa = PBXFileReference; lastKnownFileType = sourcecode.c.h; path = NetWorkDefine.h; sourceTree = "<group>"; };
		7FD68F531F90C4040031A225 /* BaseViewController.h */ = {isa = PBXFileReference; lastKnownFileType = sourcecode.c.h; path = BaseViewController.h; sourceTree = "<group>"; };
		7FD68F541F90C4040031A225 /* BaseViewController.m */ = {isa = PBXFileReference; lastKnownFileType = sourcecode.c.objc; path = BaseViewController.m; sourceTree = "<group>"; };
		7FD68F591F90C5510031A225 /* BaseNavigationController.h */ = {isa = PBXFileReference; lastKnownFileType = sourcecode.c.h; path = BaseNavigationController.h; sourceTree = "<group>"; };
		7FD68F5A1F90C5510031A225 /* BaseNavigationController.m */ = {isa = PBXFileReference; lastKnownFileType = sourcecode.c.objc; path = BaseNavigationController.m; sourceTree = "<group>"; };
		7FD68F791F95AB910031A225 /* Launch0.jpg */ = {isa = PBXFileReference; lastKnownFileType = image.jpeg; path = Launch0.jpg; sourceTree = "<group>"; };
		7FD68F7A1F95AB910031A225 /* Launch1.jpg */ = {isa = PBXFileReference; lastKnownFileType = image.jpeg; path = Launch1.jpg; sourceTree = "<group>"; };
		7FD68F7B1F95AB910031A225 /* Launch2.jpg */ = {isa = PBXFileReference; lastKnownFileType = image.jpeg; path = Launch2.jpg; sourceTree = "<group>"; };
		7FD68F7C1F95AB910031A225 /* Launch3.jpg */ = {isa = PBXFileReference; lastKnownFileType = image.jpeg; path = Launch3.jpg; sourceTree = "<group>"; };
		7FD68F7D1F95AB910031A225 /* LaunchConfig.plist */ = {isa = PBXFileReference; fileEncoding = 4; lastKnownFileType = text.plist.xml; path = LaunchConfig.plist; sourceTree = "<group>"; };
		7FD68F7E1F95AB910031A225 /* LaunchViewController.h */ = {isa = PBXFileReference; fileEncoding = 4; lastKnownFileType = sourcecode.c.h; path = LaunchViewController.h; sourceTree = "<group>"; };
		7FD68F7F1F95AB910031A225 /* LaunchViewController.m */ = {isa = PBXFileReference; fileEncoding = 4; lastKnownFileType = sourcecode.c.objc; path = LaunchViewController.m; sourceTree = "<group>"; };
		7FD68F811F95AB910031A225 /* BaseModel.h */ = {isa = PBXFileReference; fileEncoding = 4; lastKnownFileType = sourcecode.c.h; path = BaseModel.h; sourceTree = "<group>"; };
		7FD68F821F95AB910031A225 /* BaseModel.m */ = {isa = PBXFileReference; fileEncoding = 4; lastKnownFileType = sourcecode.c.objc; path = BaseModel.m; sourceTree = "<group>"; };
		7FD68F841F95AB910031A225 /* LaunchCollectionViewCell.h */ = {isa = PBXFileReference; fileEncoding = 4; lastKnownFileType = sourcecode.c.h; path = LaunchCollectionViewCell.h; sourceTree = "<group>"; };
		7FD68F851F95AB910031A225 /* LaunchCollectionViewCell.m */ = {isa = PBXFileReference; fileEncoding = 4; lastKnownFileType = sourcecode.c.objc; path = LaunchCollectionViewCell.m; sourceTree = "<group>"; };
		7FD68F911F95F44E0031A225 /* BaseTabBarController.h */ = {isa = PBXFileReference; lastKnownFileType = sourcecode.c.h; path = BaseTabBarController.h; sourceTree = "<group>"; };
		7FD68F921F95F44E0031A225 /* BaseTabBarController.m */ = {isa = PBXFileReference; lastKnownFileType = sourcecode.c.objc; path = BaseTabBarController.m; sourceTree = "<group>"; };
		7FF0992E1F9063620062C57D /* DataTurn.h */ = {isa = PBXFileReference; fileEncoding = 4; lastKnownFileType = sourcecode.c.h; path = DataTurn.h; sourceTree = "<group>"; };
		7FF0992F1F9063620062C57D /* DataTurn.m */ = {isa = PBXFileReference; fileEncoding = 4; lastKnownFileType = sourcecode.c.objc; path = DataTurn.m; sourceTree = "<group>"; };
/* End PBXFileReference section */

/* Begin PBXFrameworksBuildPhase section */
		7FAE61711F8E30330063394D /* Frameworks */ = {
			isa = PBXFrameworksBuildPhase;
			buildActionMask = 2147483647;
			files = (
				895B426E75EE4887D76CF2DB /* libPods-MDRatio.a in Frameworks */,
			);
			runOnlyForDeploymentPostprocessing = 0;
		};
		7FAE61891F8E30340063394D /* Frameworks */ = {
			isa = PBXFrameworksBuildPhase;
			buildActionMask = 2147483647;
			files = (
			);
			runOnlyForDeploymentPostprocessing = 0;
		};
		7FAE61941F8E30340063394D /* Frameworks */ = {
			isa = PBXFrameworksBuildPhase;
			buildActionMask = 2147483647;
			files = (
			);
			runOnlyForDeploymentPostprocessing = 0;
		};
/* End PBXFrameworksBuildPhase section */

/* Begin PBXGroup section */
		401447D81FB0DAFB8EA69B79 /* Frameworks */ = {
			isa = PBXGroup;
			children = (
				2D45EBB2FD4624C87B2DABBD /* libPods-MDRatio.a */,
			);
			name = Frameworks;
			sourceTree = "<group>";
		};
		7FAE616B1F8E30330063394D = {
			isa = PBXGroup;
			children = (
				7FAE61761F8E30330063394D /* MDRatio */,
				7FAE618F1F8E30340063394D /* MDRatioTests */,
				7FAE619A1F8E30340063394D /* MDRatioUITests */,
				7FAE61751F8E30330063394D /* Products */,
				DE1F624E0AD465F6DA70374A /* Pods */,
				401447D81FB0DAFB8EA69B79 /* Frameworks */,
			);
			sourceTree = "<group>";
		};
		7FAE61751F8E30330063394D /* Products */ = {
			isa = PBXGroup;
			children = (
				7FAE61741F8E30330063394D /* MDRatio.app */,
				7FAE618C1F8E30340063394D /* MDRatioTests.xctest */,
				7FAE61971F8E30340063394D /* MDRatioUITests.xctest */,
			);
			name = Products;
			sourceTree = "<group>";
		};
		7FAE61761F8E30330063394D /* MDRatio */ = {
			isa = PBXGroup;
			children = (
				7FAE61A91F8E334E0063394D /* PublicView */,
				7FAE61AA1F8E334E0063394D /* Resources */,
				7FAE61AB1F8E334F0063394D /* NetWork */,
				7FAE61AD1F8E334F0063394D /* Singleton */,
				7FAE61AC1F8E334F0063394D /* Modules */,
				7FAE61AE1F8E33500063394D /* Utils */,
				7FAE61771F8E30330063394D /* AppDelegate.h */,
				7FAE61781F8E30330063394D /* AppDelegate.m */,
				7FAE617A1F8E30330063394D /* ViewController.h */,
				7FAE617B1F8E30330063394D /* ViewController.m */,
				7FAE617D1F8E30330063394D /* Main.storyboard */,
				7FAE61801F8E30330063394D /* Assets.xcassets */,
				7FAE61821F8E30330063394D /* LaunchScreen.storyboard */,
				7FAE61851F8E30330063394D /* Info.plist */,
				7FAE61C61F8F171D0063394D /* Supporting Files */,
			);
			path = MDRatio;
			sourceTree = "<group>";
		};
		7FAE618F1F8E30340063394D /* MDRatioTests */ = {
			isa = PBXGroup;
			children = (
				7FAE61901F8E30340063394D /* MDRatioTests.m */,
				7FAE61921F8E30340063394D /* Info.plist */,
			);
			path = MDRatioTests;
			sourceTree = "<group>";
		};
		7FAE619A1F8E30340063394D /* MDRatioUITests */ = {
			isa = PBXGroup;
			children = (
				7FAE619B1F8E30340063394D /* MDRatioUITests.m */,
				7FAE619D1F8E30340063394D /* Info.plist */,
			);
			path = MDRatioUITests;
			sourceTree = "<group>";
		};
		7FAE61A91F8E334E0063394D /* PublicView */ = {
			isa = PBXGroup;
			children = (
				7FD68F3F1F90BCFF0031A225 /* MDNetWorking */,
				7FF0992D1F9063620062C57D /* DataTurn */,
				7FAE61AF1F8E364A0063394D /* MJListView */,
			);
			path = PublicView;
			sourceTree = "<group>";
		};
		7FAE61AA1F8E334E0063394D /* Resources */ = {
			isa = PBXGroup;
			children = (
			);
			path = Resources;
			sourceTree = "<group>";
		};
		7FAE61AB1F8E334F0063394D /* NetWork */ = {
			isa = PBXGroup;
			children = (
				7FD68F521F90BD570031A225 /* NetWorkDefine.h */,
			);
			path = NetWork;
			sourceTree = "<group>";
		};
		7FAE61AC1F8E334F0063394D /* Modules */ = {
			isa = PBXGroup;
			children = (
			);
			path = Modules;
			sourceTree = "<group>";
		};
		7FAE61AD1F8E334F0063394D /* Singleton */ = {
			isa = PBXGroup;
			children = (
			);
			path = Singleton;
			sourceTree = "<group>";
		};
		7FAE61AE1F8E33500063394D /* Utils */ = {
			isa = PBXGroup;
			children = (
				7FD68F941F95FD130031A225 /* BaseModel */,
				7FD68F771F95AB910031A225 /* Launch */,
				7FD68F531F90C4040031A225 /* BaseViewController.h */,
				7FD68F541F90C4040031A225 /* BaseViewController.m */,
				7FD68F591F90C5510031A225 /* BaseNavigationController.h */,
				7FD68F5A1F90C5510031A225 /* BaseNavigationController.m */,
				7FD68F911F95F44E0031A225 /* BaseTabBarController.h */,
				7FD68F921F95F44E0031A225 /* BaseTabBarController.m */,
			);
			path = Utils;
			sourceTree = "<group>";
		};
		7FAE61AF1F8E364A0063394D /* MJListView */ = {
			isa = PBXGroup;
			children = (
				7FAE61B01F8E364A0063394D /* Footer */,
				7FAE61B51F8E364A0063394D /* Header */,
				7FAE61B81F8E364A0063394D /* MJConstant.h */,
				7FAE61B91F8E364A0063394D /* MJRefreshCollectionView.h */,
				7FAE61BA1F8E364A0063394D /* MJRefreshCollectionView.m */,
				7FAE61BB1F8E364A0063394D /* MJRefreshTableView.h */,
				7FAE61BC1F8E364A0063394D /* MJRefreshTableView.m */,
			);
			path = MJListView;
			sourceTree = "<group>";
		};
		7FAE61B01F8E364A0063394D /* Footer */ = {
			isa = PBXGroup;
			children = (
				7FAE61B11F8E364A0063394D /* BaseFooterView.h */,
				7FAE61B21F8E364A0063394D /* BaseFooterView.m */,
				7FAE61B31F8E364A0063394D /* NormalFooterView.h */,
				7FAE61B41F8E364A0063394D /* NormalFooterView.m */,
			);
			path = Footer;
			sourceTree = "<group>";
		};
		7FAE61B51F8E364A0063394D /* Header */ = {
			isa = PBXGroup;
			children = (
				7FAE61B61F8E364A0063394D /* NormalHeaderView.h */,
				7FAE61B71F8E364A0063394D /* NormalHeaderView.m */,
			);
			path = Header;
			sourceTree = "<group>";
		};
		7FAE61C51F8F17140063394D /* Configurations */ = {
			isa = PBXGroup;
			children = (
				7FAE61C71F8F19370063394D /* Config.h */,
				7FAE61C81F8F19370063394D /* Config.m */,
				7F0A6BC21F8F4A9400BE0B2B /* MDRatio-Project-Debug.xcconfig */,
			);
			path = Configurations;
			sourceTree = "<group>";
		};
		7FAE61C61F8F171D0063394D /* Supporting Files */ = {
			isa = PBXGroup;
			children = (
				7FAE61C51F8F17140063394D /* Configurations */,
				7F0A6BC11F8F483700BE0B2B /* MDRadio_PrefixHeader.pch */,
				7FAE61861F8E30330063394D /* main.m */,
			);
			path = "Supporting Files";
			sourceTree = "<group>";
		};
		7FD68F3F1F90BCFF0031A225 /* MDNetWorking */ = {
			isa = PBXGroup;
			children = (
				7FD68F401F90BCFF0031A225 /* HttpHeadData.h */,
				7FD68F411F90BCFF0031A225 /* HttpHeadData.m */,
				7FD68F421F90BCFF0031A225 /* MDNetWorkingManager.h */,
				7FD68F431F90BCFF0031A225 /* MDNetWorkingManager.m */,
				7FD68F441F90BCFF0031A225 /* NetWorkRequest.h */,
				7FD68F451F90BCFF0031A225 /* NetWorkRequest.m */,
				7FD68F461F90BCFF0031A225 /* NetWorkResponse.h */,
				7FD68F471F90BCFF0031A225 /* NetWorkResponse.m */,
				7FD68F481F90BCFF0031A225 /* NetWorkTask.h */,
				7FD68F491F90BCFF0031A225 /* NetWorkTask.m */,
			);
			path = MDNetWorking;
			sourceTree = "<group>";
		};
		7FD68F771F95AB910031A225 /* Launch */ = {
			isa = PBXGroup;
			children = (
				7FD68F781F95AB910031A225 /* img */,
				7FD68F801F95AB910031A225 /* Model */,
				7FD68F831F95AB910031A225 /* Views */,
				7FD68F7D1F95AB910031A225 /* LaunchConfig.plist */,
				7FD68F7E1F95AB910031A225 /* LaunchViewController.h */,
				7FD68F7F1F95AB910031A225 /* LaunchViewController.m */,
			);
			path = Launch;
			sourceTree = "<group>";
		};
		7FD68F781F95AB910031A225 /* img */ = {
			isa = PBXGroup;
			children = (
				7FD68F791F95AB910031A225 /* Launch0.jpg */,
				7FD68F7A1F95AB910031A225 /* Launch1.jpg */,
				7FD68F7B1F95AB910031A225 /* Launch2.jpg */,
				7FD68F7C1F95AB910031A225 /* Launch3.jpg */,
			);
			path = img;
			sourceTree = "<group>";
		};
		7FD68F801F95AB910031A225 /* Model */ = {
			isa = PBXGroup;
			children = (
				7FD68F811F95AB910031A225 /* BaseModel.h */,
				7FD68F821F95AB910031A225 /* BaseModel.m */,
			);
			path = Model;
			sourceTree = "<group>";
		};
		7FD68F831F95AB910031A225 /* Views */ = {
			isa = PBXGroup;
			children = (
				7FD68F841F95AB910031A225 /* LaunchCollectionViewCell.h */,
				7FD68F851F95AB910031A225 /* LaunchCollectionViewCell.m */,
			);
			path = Views;
			sourceTree = "<group>";
		};
		7FD68F941F95FD130031A225 /* BaseModel */ = {
			isa = PBXGroup;
			children = (
			);
			path = BaseModel;
			sourceTree = "<group>";
		};
		7FF0992D1F9063620062C57D /* DataTurn */ = {
			isa = PBXGroup;
			children = (
				7FF0992E1F9063620062C57D /* DataTurn.h */,
				7FF0992F1F9063620062C57D /* DataTurn.m */,
			);
			path = DataTurn;
			sourceTree = "<group>";
		};
		DE1F624E0AD465F6DA70374A /* Pods */ = {
			isa = PBXGroup;
			children = (
				08A80BB32373782FDA072570 /* Pods-MDRatio.release.xcconfig */,
			);
			name = Pods;
			sourceTree = "<group>";
		};
/* End PBXGroup section */

/* Begin PBXNativeTarget section */
		7FAE61731F8E30330063394D /* MDRatio */ = {
			isa = PBXNativeTarget;
			buildConfigurationList = 7FAE61A01F8E30340063394D /* Build configuration list for PBXNativeTarget "MDRatio" */;
			buildPhases = (
				54A52F0A0AA461266A010E02 /* [CP] Check Pods Manifest.lock */,
				7FAE61701F8E30330063394D /* Sources */,
				7FAE61711F8E30330063394D /* Frameworks */,
				7FAE61721F8E30330063394D /* Resources */,
				952E05DA4E542BE7D394B0AB /* [CP] Embed Pods Frameworks */,
				347CFC07B09E03D5BAED4595 /* [CP] Copy Pods Resources */,
			);
			buildRules = (
			);
			dependencies = (
			);
			name = MDRatio;
			productName = MDRatio;
			productReference = 7FAE61741F8E30330063394D /* MDRatio.app */;
			productType = "com.apple.product-type.application";
		};
		7FAE618B1F8E30340063394D /* MDRatioTests */ = {
			isa = PBXNativeTarget;
			buildConfigurationList = 7FAE61A31F8E30340063394D /* Build configuration list for PBXNativeTarget "MDRatioTests" */;
			buildPhases = (
				7FAE61881F8E30340063394D /* Sources */,
				7FAE61891F8E30340063394D /* Frameworks */,
				7FAE618A1F8E30340063394D /* Resources */,
			);
			buildRules = (
			);
			dependencies = (
				7FAE618E1F8E30340063394D /* PBXTargetDependency */,
			);
			name = MDRatioTests;
			productName = MDRatioTests;
			productReference = 7FAE618C1F8E30340063394D /* MDRatioTests.xctest */;
			productType = "com.apple.product-type.bundle.unit-test";
		};
		7FAE61961F8E30340063394D /* MDRatioUITests */ = {
			isa = PBXNativeTarget;
			buildConfigurationList = 7FAE61A61F8E30340063394D /* Build configuration list for PBXNativeTarget "MDRatioUITests" */;
			buildPhases = (
				7FAE61931F8E30340063394D /* Sources */,
				7FAE61941F8E30340063394D /* Frameworks */,
				7FAE61951F8E30340063394D /* Resources */,
			);
			buildRules = (
			);
			dependencies = (
				7FAE61991F8E30340063394D /* PBXTargetDependency */,
			);
			name = MDRatioUITests;
			productName = MDRatioUITests;
			productReference = 7FAE61971F8E30340063394D /* MDRatioUITests.xctest */;
			productType = "com.apple.product-type.bundle.ui-testing";
		};
/* End PBXNativeTarget section */

/* Begin PBXProject section */
		7FAE616C1F8E30330063394D /* Project object */ = {
			isa = PBXProject;
			attributes = {
				LastUpgradeCheck = 0900;
				ORGANIZATIONNAME = fhkvsou;
				TargetAttributes = {
					7FAE61731F8E30330063394D = {
						CreatedOnToolsVersion = 9.0;
						ProvisioningStyle = Automatic;
					};
					7FAE618B1F8E30340063394D = {
						CreatedOnToolsVersion = 9.0;
						ProvisioningStyle = Automatic;
						TestTargetID = 7FAE61731F8E30330063394D;
					};
					7FAE61961F8E30340063394D = {
						CreatedOnToolsVersion = 9.0;
						ProvisioningStyle = Automatic;
						TestTargetID = 7FAE61731F8E30330063394D;
					};
				};
			};
			buildConfigurationList = 7FAE616F1F8E30330063394D /* Build configuration list for PBXProject "MDRatio" */;
			compatibilityVersion = "Xcode 8.0";
			developmentRegion = en;
			hasScannedForEncodings = 0;
			knownRegions = (
				en,
				Base,
			);
			mainGroup = 7FAE616B1F8E30330063394D;
			productRefGroup = 7FAE61751F8E30330063394D /* Products */;
			projectDirPath = "";
			projectRoot = "";
			targets = (
				7FAE61731F8E30330063394D /* MDRatio */,
				7FAE618B1F8E30340063394D /* MDRatioTests */,
				7FAE61961F8E30340063394D /* MDRatioUITests */,
			);
		};
/* End PBXProject section */

/* Begin PBXResourcesBuildPhase section */
		7FAE61721F8E30330063394D /* Resources */ = {
			isa = PBXResourcesBuildPhase;
			buildActionMask = 2147483647;
			files = (
				7FD68F871F95AB920031A225 /* Launch1.jpg in Resources */,
				7FD68F881F95AB920031A225 /* Launch2.jpg in Resources */,
				7FAE61841F8E30330063394D /* LaunchScreen.storyboard in Resources */,
				7FD68F891F95AB920031A225 /* Launch3.jpg in Resources */,
				7FD68F861F95AB920031A225 /* Launch0.jpg in Resources */,
				7FD68F8A1F95AB920031A225 /* LaunchConfig.plist in Resources */,
				7FAE61811F8E30330063394D /* Assets.xcassets in Resources */,
				7FAE617F1F8E30330063394D /* Main.storyboard in Resources */,
			);
			runOnlyForDeploymentPostprocessing = 0;
		};
		7FAE618A1F8E30340063394D /* Resources */ = {
			isa = PBXResourcesBuildPhase;
			buildActionMask = 2147483647;
			files = (
			);
			runOnlyForDeploymentPostprocessing = 0;
		};
		7FAE61951F8E30340063394D /* Resources */ = {
			isa = PBXResourcesBuildPhase;
			buildActionMask = 2147483647;
			files = (
			);
			runOnlyForDeploymentPostprocessing = 0;
		};
/* End PBXResourcesBuildPhase section */

/* Begin PBXShellScriptBuildPhase section */
		347CFC07B09E03D5BAED4595 /* [CP] Copy Pods Resources */ = {
			isa = PBXShellScriptBuildPhase;
			buildActionMask = 2147483647;
			files = (
			);
			inputPaths = (
			);
			name = "[CP] Copy Pods Resources";
			outputPaths = (
			);
			runOnlyForDeploymentPostprocessing = 0;
			shellPath = /bin/sh;
			shellScript = "\"${SRCROOT}/Pods/Target Support Files/Pods-MDRatio/Pods-MDRatio-resources.sh\"\n";
			showEnvVarsInLog = 0;
		};
		54A52F0A0AA461266A010E02 /* [CP] Check Pods Manifest.lock */ = {
			isa = PBXShellScriptBuildPhase;
			buildActionMask = 2147483647;
			files = (
			);
			inputPaths = (
			);
			name = "[CP] Check Pods Manifest.lock";
			outputPaths = (
			);
			runOnlyForDeploymentPostprocessing = 0;
			shellPath = /bin/sh;
			shellScript = "diff \"${PODS_ROOT}/../Podfile.lock\" \"${PODS_ROOT}/Manifest.lock\" > /dev/null\nif [ $? != 0 ] ; then\n    # print error to STDERR\n    echo \"error: The sandbox is not in sync with the Podfile.lock. Run 'pod install' or update your CocoaPods installation.\" >&2\n    exit 1\nfi\n";
			showEnvVarsInLog = 0;
		};
		952E05DA4E542BE7D394B0AB /* [CP] Embed Pods Frameworks */ = {
			isa = PBXShellScriptBuildPhase;
			buildActionMask = 2147483647;
			files = (
			);
			inputPaths = (
			);
			name = "[CP] Embed Pods Frameworks";
			outputPaths = (
			);
			runOnlyForDeploymentPostprocessing = 0;
			shellPath = /bin/sh;
			shellScript = "\"${SRCROOT}/Pods/Target Support Files/Pods-MDRatio/Pods-MDRatio-frameworks.sh\"\n";
			showEnvVarsInLog = 0;
		};
/* End PBXShellScriptBuildPhase section */

/* Begin PBXSourcesBuildPhase section */
		7FAE61701F8E30330063394D /* Sources */ = {
			isa = PBXSourcesBuildPhase;
			buildActionMask = 2147483647;
			files = (
				7FAE61C11F8E364A0063394D /* MJRefreshTableView.m in Sources */,
				7FD68F931F95F44E0031A225 /* BaseTabBarController.m in Sources */,
				7FD68F4D1F90BCFF0031A225 /* NetWorkResponse.m in Sources */,
				7FAE61BF1F8E364A0063394D /* NormalHeaderView.m in Sources */,
				7FD68F8D1F95AB920031A225 /* LaunchCollectionViewCell.m in Sources */,
				7FAE61BD1F8E364A0063394D /* BaseFooterView.m in Sources */,
				7FAE617C1F8E30330063394D /* ViewController.m in Sources */,
				7FAE61871F8E30330063394D /* main.m in Sources */,
				7FAE61C91F8F19370063394D /* Config.m in Sources */,
				7FAE61BE1F8E364A0063394D /* NormalFooterView.m in Sources */,
				7FAE61791F8E30330063394D /* AppDelegate.m in Sources */,
				7FD68F551F90C4040031A225 /* BaseViewController.m in Sources */,
				7FD68F4C1F90BCFF0031A225 /* NetWorkRequest.m in Sources */,
				7FD68F8B1F95AB920031A225 /* LaunchViewController.m in Sources */,
				7FD68F4B1F90BCFF0031A225 /* MDNetWorkingManager.m in Sources */,
				7FD68F4E1F90BCFF0031A225 /* NetWorkTask.m in Sources */,
				7FD68F5B1F90C5510031A225 /* BaseNavigationController.m in Sources */,
				7FF099301F9063630062C57D /* DataTurn.m in Sources */,
				7FAE61C01F8E364A0063394D /* MJRefreshCollectionView.m in Sources */,
				7FD68F8C1F95AB920031A225 /* BaseModel.m in Sources */,
				7FD68F4A1F90BCFF0031A225 /* HttpHeadData.m in Sources */,
			);
			runOnlyForDeploymentPostprocessing = 0;
		};
		7FAE61881F8E30340063394D /* Sources */ = {
			isa = PBXSourcesBuildPhase;
			buildActionMask = 2147483647;
			files = (
				7FAE61911F8E30340063394D /* MDRatioTests.m in Sources */,
			);
			runOnlyForDeploymentPostprocessing = 0;
		};
		7FAE61931F8E30340063394D /* Sources */ = {
			isa = PBXSourcesBuildPhase;
			buildActionMask = 2147483647;
			files = (
				7FAE619C1F8E30340063394D /* MDRatioUITests.m in Sources */,
			);
			runOnlyForDeploymentPostprocessing = 0;
		};
/* End PBXSourcesBuildPhase section */

/* Begin PBXTargetDependency section */
		7FAE618E1F8E30340063394D /* PBXTargetDependency */ = {
			isa = PBXTargetDependency;
			target = 7FAE61731F8E30330063394D /* MDRatio */;
			targetProxy = 7FAE618D1F8E30340063394D /* PBXContainerItemProxy */;
		};
		7FAE61991F8E30340063394D /* PBXTargetDependency */ = {
			isa = PBXTargetDependency;
			target = 7FAE61731F8E30330063394D /* MDRatio */;
			targetProxy = 7FAE61981F8E30340063394D /* PBXContainerItemProxy */;
		};
/* End PBXTargetDependency section */

/* Begin PBXVariantGroup section */
		7FAE617D1F8E30330063394D /* Main.storyboard */ = {
			isa = PBXVariantGroup;
			children = (
				7FAE617E1F8E30330063394D /* Base */,
			);
			name = Main.storyboard;
			sourceTree = "<group>";
		};
		7FAE61821F8E30330063394D /* LaunchScreen.storyboard */ = {
			isa = PBXVariantGroup;
			children = (
				7FAE61831F8E30330063394D /* Base */,
			);
			name = LaunchScreen.storyboard;
			sourceTree = "<group>";
		};
/* End PBXVariantGroup section */

/* Begin XCBuildConfiguration section */
		7FAE619E1F8E30340063394D /* Debug */ = {
			isa = XCBuildConfiguration;
			baseConfigurationReference = 7F0A6BC21F8F4A9400BE0B2B /* MDRatio-Project-Debug.xcconfig */;
			buildSettings = {
				ALWAYS_SEARCH_USER_PATHS = NO;
				CLANG_ANALYZER_NONNULL = YES;
				CLANG_ANALYZER_NUMBER_OBJECT_CONVERSION = YES_AGGRESSIVE;
				CLANG_CXX_LANGUAGE_STANDARD = "gnu++14";
				CLANG_CXX_LIBRARY = "libc++";
				CLANG_ENABLE_MODULES = YES;
				CLANG_ENABLE_OBJC_ARC = YES;
				CLANG_WARN_BLOCK_CAPTURE_AUTORELEASING = YES;
				CLANG_WARN_BOOL_CONVERSION = YES;
				CLANG_WARN_COMMA = YES;
				CLANG_WARN_CONSTANT_CONVERSION = YES;
				CLANG_WARN_DIRECT_OBJC_ISA_USAGE = YES_ERROR;
				CLANG_WARN_DOCUMENTATION_COMMENTS = YES;
				CLANG_WARN_EMPTY_BODY = YES;
				CLANG_WARN_ENUM_CONVERSION = YES;
				CLANG_WARN_INFINITE_RECURSION = YES;
				CLANG_WARN_INT_CONVERSION = YES;
				CLANG_WARN_NON_LITERAL_NULL_CONVERSION = YES;
				CLANG_WARN_OBJC_LITERAL_CONVERSION = YES;
				CLANG_WARN_OBJC_ROOT_CLASS = YES_ERROR;
				CLANG_WARN_RANGE_LOOP_ANALYSIS = YES;
				CLANG_WARN_STRICT_PROTOTYPES = YES;
				CLANG_WARN_SUSPICIOUS_MOVE = YES;
				CLANG_WARN_UNGUARDED_AVAILABILITY = YES_AGGRESSIVE;
				CLANG_WARN_UNREACHABLE_CODE = YES;
				CLANG_WARN__DUPLICATE_METHOD_MATCH = YES;
				CODE_SIGN_IDENTITY = "iPhone Developer";
				COPY_PHASE_STRIP = NO;
				DEBUG_INFORMATION_FORMAT = dwarf;
				ENABLE_STRICT_OBJC_MSGSEND = YES;
				ENABLE_TESTABILITY = YES;
				GCC_C_LANGUAGE_STANDARD = gnu11;
				GCC_DYNAMIC_NO_PIC = NO;
				GCC_NO_COMMON_BLOCKS = YES;
				GCC_OPTIMIZATION_LEVEL = 0;
				GCC_PREPROCESSOR_DEFINITIONS = (
					"DEBUG=1",
					"$(inherited)",
				);
				GCC_WARN_64_TO_32_BIT_CONVERSION = YES;
				GCC_WARN_ABOUT_RETURN_TYPE = YES_ERROR;
				GCC_WARN_UNDECLARED_SELECTOR = YES;
				GCC_WARN_UNINITIALIZED_AUTOS = YES_AGGRESSIVE;
				GCC_WARN_UNUSED_FUNCTION = YES;
				GCC_WARN_UNUSED_VARIABLE = YES;
				IPHONEOS_DEPLOYMENT_TARGET = 11.0;
				MTL_ENABLE_DEBUG_INFO = YES;
				ONLY_ACTIVE_ARCH = YES;
				SDKROOT = iphoneos;
			};
			name = Debug;
		};
		7FAE619F1F8E30340063394D /* Release */ = {
			isa = XCBuildConfiguration;
			buildSettings = {
				ALWAYS_SEARCH_USER_PATHS = NO;
				CLANG_ANALYZER_NONNULL = YES;
				CLANG_ANALYZER_NUMBER_OBJECT_CONVERSION = YES_AGGRESSIVE;
				CLANG_CXX_LANGUAGE_STANDARD = "gnu++14";
				CLANG_CXX_LIBRARY = "libc++";
				CLANG_ENABLE_MODULES = YES;
				CLANG_ENABLE_OBJC_ARC = YES;
				CLANG_WARN_BLOCK_CAPTURE_AUTORELEASING = YES;
				CLANG_WARN_BOOL_CONVERSION = YES;
				CLANG_WARN_COMMA = YES;
				CLANG_WARN_CONSTANT_CONVERSION = YES;
				CLANG_WARN_DIRECT_OBJC_ISA_USAGE = YES_ERROR;
				CLANG_WARN_DOCUMENTATION_COMMENTS = YES;
				CLANG_WARN_EMPTY_BODY = YES;
				CLANG_WARN_ENUM_CONVERSION = YES;
				CLANG_WARN_INFINITE_RECURSION = YES;
				CLANG_WARN_INT_CONVERSION = YES;
				CLANG_WARN_NON_LITERAL_NULL_CONVERSION = YES;
				CLANG_WARN_OBJC_LITERAL_CONVERSION = YES;
				CLANG_WARN_OBJC_ROOT_CLASS = YES_ERROR;
				CLANG_WARN_RANGE_LOOP_ANALYSIS = YES;
				CLANG_WARN_STRICT_PROTOTYPES = YES;
				CLANG_WARN_SUSPICIOUS_MOVE = YES;
				CLANG_WARN_UNGUARDED_AVAILABILITY = YES_AGGRESSIVE;
				CLANG_WARN_UNREACHABLE_CODE = YES;
				CLANG_WARN__DUPLICATE_METHOD_MATCH = YES;
				CODE_SIGN_IDENTITY = "iPhone Developer";
				COPY_PHASE_STRIP = NO;
				DEBUG_INFORMATION_FORMAT = "dwarf-with-dsym";
				ENABLE_NS_ASSERTIONS = NO;
				ENABLE_STRICT_OBJC_MSGSEND = YES;
				GCC_C_LANGUAGE_STANDARD = gnu11;
				GCC_NO_COMMON_BLOCKS = YES;
				GCC_WARN_64_TO_32_BIT_CONVERSION = YES;
				GCC_WARN_ABOUT_RETURN_TYPE = YES_ERROR;
				GCC_WARN_UNDECLARED_SELECTOR = YES;
				GCC_WARN_UNINITIALIZED_AUTOS = YES_AGGRESSIVE;
				GCC_WARN_UNUSED_FUNCTION = YES;
				GCC_WARN_UNUSED_VARIABLE = YES;
				IPHONEOS_DEPLOYMENT_TARGET = 11.0;
				MTL_ENABLE_DEBUG_INFO = NO;
				SDKROOT = iphoneos;
				VALIDATE_PRODUCT = YES;
			};
			name = Release;
		};
		7FAE61A11F8E30340063394D /* Debug */ = {
			isa = XCBuildConfiguration;
			baseConfigurationReference = 7F0A6BC21F8F4A9400BE0B2B /* MDRatio-Project-Debug.xcconfig */;
			buildSettings = {
				ALWAYS_SEARCH_USER_PATHS = NO;
				ASSETCATALOG_COMPILER_APPICON_NAME = AppIcon;
				ASSETCATALOG_COMPILER_LAUNCHIMAGE_NAME = LaunchImage;
				CODE_SIGN_STYLE = Automatic;
				DEVELOPMENT_TEAM = 82S6KF6M73;
				GCC_PREFIX_HEADER = "$(SRCROOT)/MDRatio/Supporting Files/MDRadio_PrefixHeader.pch";
				HEADER_SEARCH_PATHS = (
					"$(inherited)",
					"\"${PODS_ROOT}/Headers/Public\"",
					"\"${PODS_ROOT}/Headers/Public/AFNetworking\"",
					"\"${PODS_ROOT}/Headers/Public/MJRefresh\"",
					"\"${PODS_ROOT}/Headers/Public/SDWebImage\"",
					"\"${PODS_ROOT}/Headers/Public/jastor\"",
				);
				INFOPLIST_FILE = MDRatio/Info.plist;
				IPHONEOS_DEPLOYMENT_TARGET = 10.2;
				LD_RUNPATH_SEARCH_PATHS = "$(inherited) @executable_path/Frameworks";
				PRODUCT_BUNDLE_IDENTIFIER = com.simply.MDRatio;
				PRODUCT_NAME = "$(TARGET_NAME)";
				TARGETED_DEVICE_FAMILY = "1,2";
			};
			name = Debug;
		};
		7FAE61A21F8E30340063394D /* Release */ = {
			isa = XCBuildConfiguration;
			baseConfigurationReference = 08A80BB32373782FDA072570 /* Pods-MDRatio.release.xcconfig */;
			buildSettings = {
				ALWAYS_SEARCH_USER_PATHS = NO;
				ASSETCATALOG_COMPILER_APPICON_NAME = AppIcon;
				ASSETCATALOG_COMPILER_LAUNCHIMAGE_NAME = LaunchImage;
				CODE_SIGN_STYLE = Automatic;
				DEVELOPMENT_TEAM = 82S6KF6M73;
				GCC_PREFIX_HEADER = "$(SRCROOT)/MDRatio/Supporting Files/MDRadio_PrefixHeader.pch";
				INFOPLIST_FILE = MDRatio/Info.plist;
				IPHONEOS_DEPLOYMENT_TARGET = 10.2;
				LD_RUNPATH_SEARCH_PATHS = "$(inherited) @executable_path/Frameworks";
				PRODUCT_BUNDLE_IDENTIFIER = com.simply.MDRatio;
				PRODUCT_NAME = "$(TARGET_NAME)";
				TARGETED_DEVICE_FAMILY = "1,2";
			};
			name = Release;
		};
		7FAE61A41F8E30340063394D /* Debug */ = {
			isa = XCBuildConfiguration;
			buildSettings = {
				BUNDLE_LOADER = "$(TEST_HOST)";
				CODE_SIGN_STYLE = Automatic;
				INFOPLIST_FILE = MDRatioTests/Info.plist;
				LD_RUNPATH_SEARCH_PATHS = "$(inherited) @executable_path/Frameworks @loader_path/Frameworks";
				PRODUCT_BUNDLE_IDENTIFIER = com.simply.MDRatioTests;
				PRODUCT_NAME = "$(TARGET_NAME)";
				TARGETED_DEVICE_FAMILY = "1,2";
				TEST_HOST = "$(BUILT_PRODUCTS_DIR)/MDRatio.app/MDRatio";
			};
			name = Debug;
		};
		7FAE61A51F8E30340063394D /* Release */ = {
			isa = XCBuildConfiguration;
			buildSettings = {
				BUNDLE_LOADER = "$(TEST_HOST)";
				CODE_SIGN_STYLE = Automatic;
				INFOPLIST_FILE = MDRatioTests/Info.plist;
				LD_RUNPATH_SEARCH_PATHS = "$(inherited) @executable_path/Frameworks @loader_path/Frameworks";
				PRODUCT_BUNDLE_IDENTIFIER = com.simply.MDRatioTests;
				PRODUCT_NAME = "$(TARGET_NAME)";
				TARGETED_DEVICE_FAMILY = "1,2";
				TEST_HOST = "$(BUILT_PRODUCTS_DIR)/MDRatio.app/MDRatio";
			};
			name = Release;
		};
		7FAE61A71F8E30340063394D /* Debug */ = {
			isa = XCBuildConfiguration;
			buildSettings = {
				CODE_SIGN_STYLE = Automatic;
				INFOPLIST_FILE = MDRatioUITests/Info.plist;
				LD_RUNPATH_SEARCH_PATHS = "$(inherited) @executable_path/Frameworks @loader_path/Frameworks";
				PRODUCT_BUNDLE_IDENTIFIER = com.simply.MDRatioUITests;
				PRODUCT_NAME = "$(TARGET_NAME)";
				TARGETED_DEVICE_FAMILY = "1,2";
				TEST_TARGET_NAME = MDRatio;
			};
			name = Debug;
		};
		7FAE61A81F8E30340063394D /* Release */ = {
			isa = XCBuildConfiguration;
			buildSettings = {
				CODE_SIGN_STYLE = Automatic;
				INFOPLIST_FILE = MDRatioUITests/Info.plist;
				LD_RUNPATH_SEARCH_PATHS = "$(inherited) @executable_path/Frameworks @loader_path/Frameworks";
				PRODUCT_BUNDLE_IDENTIFIER = com.simply.MDRatioUITests;
				PRODUCT_NAME = "$(TARGET_NAME)";
				TARGETED_DEVICE_FAMILY = "1,2";
				TEST_TARGET_NAME = MDRatio;
			};
			name = Release;
		};
/* End XCBuildConfiguration section */

/* Begin XCConfigurationList section */
		7FAE616F1F8E30330063394D /* Build configuration list for PBXProject "MDRatio" */ = {
			isa = XCConfigurationList;
			buildConfigurations = (
				7FAE619E1F8E30340063394D /* Debug */,
				7FAE619F1F8E30340063394D /* Release */,
			);
			defaultConfigurationIsVisible = 0;
			defaultConfigurationName = Debug;
		};
		7FAE61A01F8E30340063394D /* Build configuration list for PBXNativeTarget "MDRatio" */ = {
			isa = XCConfigurationList;
			buildConfigurations = (
				7FAE61A11F8E30340063394D /* Debug */,
				7FAE61A21F8E30340063394D /* Release */,
			);
			defaultConfigurationIsVisible = 0;
			defaultConfigurationName = Debug;
		};
		7FAE61A31F8E30340063394D /* Build configuration list for PBXNativeTarget "MDRatioTests" */ = {
			isa = XCConfigurationList;
			buildConfigurations = (
				7FAE61A41F8E30340063394D /* Debug */,
				7FAE61A51F8E30340063394D /* Release */,
			);
			defaultConfigurationIsVisible = 0;
			defaultConfigurationName = Debug;
		};
		7FAE61A61F8E30340063394D /* Build configuration list for PBXNativeTarget "MDRatioUITests" */ = {
			isa = XCConfigurationList;
			buildConfigurations = (
				7FAE61A71F8E30340063394D /* Debug */,
				7FAE61A81F8E30340063394D /* Release */,
			);
			defaultConfigurationIsVisible = 0;
			defaultConfigurationName = Debug;
		};
/* End XCConfigurationList section */
	};
	rootObject = 7FAE616C1F8E30330063394D /* Project object */;
}
